
Microsoft Visual Studio Solution File, Format Version 12.00
# Visual Studio Version 17
VisualStudioVersion = 17.8.34322.80
MinimumVisualStudioVersion = 10.0.40219.1
Project("{FAE04EC0-301F-11D3-BF4B-00C04F79EFBC}") = "Journey.EQSFSW", "Journey.EQSFSW\Journey.EQSFSW.csproj", "{111476BB-7ABD-4349-9649-318ACCAA39A8}"
EndProject
Global
	GlobalSection(SolutionConfigurationPlatforms) = preSolution
		Debug|Any CPU = Debug|Any CPU
		Release|Any CPU = Release|Any CPU
	EndGlobalSection
	GlobalSection(ProjectConfigurationPlatforms) = postSolution
		{111476BB-7ABD-4349-9649-318ACCAA39A8}.Debug|Any CPU.ActiveCfg = Debug|Any CPU
		{111476BB-7ABD-4349-9649-318ACCAA39A8}.Debug|Any CPU.Build.0 = Debug|Any CPU
		{111476BB-7ABD-4349-9649-318ACCAA39A8}.Release|Any CPU.ActiveCfg = Release|Any CPU
		{111476BB-7ABD-4349-9649-318ACCAA39A8}.Release|Any CPU.Build.0 = Release|Any CPU
	EndGlobalSection
	GlobalSection(SolutionProperties) = preSolution
		HideSolutionNode = FALSE
	EndGlobalSection
	GlobalSection(ExtensibilityGlobals) = postSolution
		SolutionGuid = {7B7018D5-9BBD-4B67-B66A-06267B2770A1}
	EndGlobalSection
EndGlobal
